
Microsoft Visual Studio Solution File, Format Version 12.00
# Visual Studio Version 16
VisualStudioVersion = 16.0.32602.291
MinimumVisualStudioVersion = 10.0.40219.1
Project("{FAE04EC0-301F-11D3-BF4B-00C04F79EFBC}") = "EntityFrameworkCore", "EntityFrameworkCore\EntityFrameworkCore.csproj", "{711D4A58-CF43-4B8A-873E-97943789771D}"
EndProject
Global
	GlobalSection(SolutionConfigurationPlatforms) = preSolution
		Debug|Any CPU = Debug|Any CPU
		Release|Any CPU = Release|Any CPU
	EndGlobalSection
	GlobalSection(ProjectConfigurationPlatforms) = postSolution
		{711D4A58-CF43-4B8A-873E-97943789771D}.Debug|Any CPU.ActiveCfg = Debug|Any CPU
		{711D4A58-CF43-4B8A-873E-97943789771D}.Debug|Any CPU.Build.0 = Debug|Any CPU
		{711D4A58-CF43-4B8A-873E-97943789771D}.Release|Any CPU.ActiveCfg = Release|Any CPU
		{711D4A58-CF43-4B8A-873E-97943789771D}.Release|Any CPU.Build.0 = Release|Any CPU
	EndGlobalSection
	GlobalSection(SolutionProperties) = preSolution
		HideSolutionNode = FALSE
	EndGlobalSection
	GlobalSection(ExtensibilityGlobals) = postSolution
		SolutionGuid = {2CC05E67-4300-4CF8-A956-C931029ED447}
	EndGlobalSection
EndGlobal
